
Microsoft Visual Studio Solution File, Format Version 12.00
# Visual Studio Version 16
VisualStudioVersion = 25.0.1703.8
MinimumVisualStudioVersion = 10.0.40219.1
Project("{FAE04EC0-301F-11D3-BF4B-00C04F79EFBC}") = "Øvelse", "Øvelse\Øvelse.csproj", "{B53AD7F7-0725-447B-9B03-7C0AF42586EC}"
EndProject
Global
	GlobalSection(SolutionConfigurationPlatforms) = preSolution
		Debug|Any CPU = Debug|Any CPU
		Release|Any CPU = Release|Any CPU
	EndGlobalSection
	GlobalSection(ProjectConfigurationPlatforms) = postSolution
		{B53AD7F7-0725-447B-9B03-7C0AF42586EC}.Debug|Any CPU.ActiveCfg = Debug|Any CPU
		{B53AD7F7-0725-447B-9B03-7C0AF42586EC}.Debug|Any CPU.Build.0 = Debug|Any CPU
		{B53AD7F7-0725-447B-9B03-7C0AF42586EC}.Release|Any CPU.ActiveCfg = Release|Any CPU
		{B53AD7F7-0725-447B-9B03-7C0AF42586EC}.Release|Any CPU.Build.0 = Release|Any CPU
	EndGlobalSection
	GlobalSection(SolutionProperties) = preSolution
		HideSolutionNode = FALSE
	EndGlobalSection
	GlobalSection(ExtensibilityGlobals) = postSolution
		SolutionGuid = {B20F5DF0-51A6-405A-8931-7F3300280C2F}
	EndGlobalSection
EndGlobal
